{
  "projects": [
    {
      "projectId": "72gc4LrFpVVHVdH6iUBSQo",
      "version": "latest",
      "dependencies": {},
      "lang": "ts",
      "fileLocks": [
        {
          "assetId": "72gc4LrFpVVHVdH6iUBSQo",
          "type": "projectCss",
          "checksum": "4e1ae8e70eec865870b4428a0700e0ff"
        },
        {
          "assetId": "72gc4LrFpVVHVdH6iUBSQo",
          "checksum": "045428ae755483e114ad5d1522e34db4",
          "type": "projectModule"
        },
        {
          "assetId": "72gc4LrFpVVHVdH6iUBSQo",
          "checksum": "43a136a1a9fdc3aec29dbc0018444508",
          "type": "styleTokensProvider"
        },
        {
          "type": "renderModule",
          "assetId": "BTP9nQzmO3ED",
          "checksum": "f9d8cfb1c1efad410131291f021d3231"
        },
        {
          "type": "cssRules",
          "assetId": "BTP9nQzmO3ED",
          "checksum": "f9d8cfb1c1efad410131291f021d3231"
        }
      ],
      "codegenVersion": "0.0.2"
    }
  ],
  "cliVersion": "0.1.357"
}
